
Microsoft Visual Studio Solution File, Format Version 12.00
# Visual Studio 14
VisualStudioVersion = 14.0.23107.0
MinimumVisualStudioVersion = 10.0.40219.1
Project("{FAE04EC0-301F-11D3-BF4B-00C04F79EFBC}") = "Hash", "Hash\Hash.csproj", "{FC767E72-C369-4995-9039-408ECC1ACCAD}"
EndProject
Project("{FAE04EC0-301F-11D3-BF4B-00C04F79EFBC}") = "Shard", "Shard\Shard.csproj", "{F3FC34AE-F136-4CA8-9C40-C35237E6FD2D}"
EndProject
Global
	GlobalSection(SolutionConfigurationPlatforms) = preSolution
		Debug|Any CPU = Debug|Any CPU
		Release|Any CPU = Release|Any CPU
	EndGlobalSection
	GlobalSection(ProjectConfigurationPlatforms) = postSolution
		{FC767E72-C369-4995-9039-408ECC1ACCAD}.Debug|Any CPU.ActiveCfg = Debug|Any CPU
		{FC767E72-C369-4995-9039-408ECC1ACCAD}.Debug|Any CPU.Build.0 = Debug|Any CPU
		{FC767E72-C369-4995-9039-408ECC1ACCAD}.Release|Any CPU.ActiveCfg = Release|Any CPU
		{FC767E72-C369-4995-9039-408ECC1ACCAD}.Release|Any CPU.Build.0 = Release|Any CPU
		{F3FC34AE-F136-4CA8-9C40-C35237E6FD2D}.Debug|Any CPU.ActiveCfg = Debug|Any CPU
		{F3FC34AE-F136-4CA8-9C40-C35237E6FD2D}.Debug|Any CPU.Build.0 = Debug|Any CPU
		{F3FC34AE-F136-4CA8-9C40-C35237E6FD2D}.Release|Any CPU.ActiveCfg = Release|Any CPU
		{F3FC34AE-F136-4CA8-9C40-C35237E6FD2D}.Release|Any CPU.Build.0 = Release|Any CPU
	EndGlobalSection
	GlobalSection(SolutionProperties) = preSolution
		HideSolutionNode = FALSE
	EndGlobalSection
EndGlobal
